
Microsoft Visual Studio Solution File, Format Version 12.00
# Visual Studio Version 17
VisualStudioVersion = 17.8.34525.116
MinimumVisualStudioVersion = 10.0.40219.1
Project("{9A19103F-16F7-4668-BE54-9A1E7A4F7556}") = "WebAPIWishList", "WebAPIWishList\WebAPIWishList.csproj", "{4DD352EE-827A-472A-B90B-C844BDAD060A}"
EndProject
Global
	GlobalSection(SolutionConfigurationPlatforms) = preSolution
		Debug|Any CPU = Debug|Any CPU
		Release|Any CPU = Release|Any CPU
	EndGlobalSection
	GlobalSection(ProjectConfigurationPlatforms) = postSolution
		{4DD352EE-827A-472A-B90B-C844BDAD060A}.Debug|Any CPU.ActiveCfg = Debug|Any CPU
		{4DD352EE-827A-472A-B90B-C844BDAD060A}.Debug|Any CPU.Build.0 = Debug|Any CPU
		{4DD352EE-827A-472A-B90B-C844BDAD060A}.Release|Any CPU.ActiveCfg = Release|Any CPU
		{4DD352EE-827A-472A-B90B-C844BDAD060A}.Release|Any CPU.Build.0 = Release|Any CPU
	EndGlobalSection
	GlobalSection(SolutionProperties) = preSolution
		HideSolutionNode = FALSE
	EndGlobalSection
	GlobalSection(ExtensibilityGlobals) = postSolution
		SolutionGuid = {D36D32AD-6C37-42D4-A54B-3163AC954C05}
	EndGlobalSection
EndGlobal
