
Microsoft Visual Studio Solution File, Format Version 12.00
# Visual Studio Version 17
VisualStudioVersion = 17.8.34525.116
MinimumVisualStudioVersion = 10.0.40219.1
Project("{9A19103F-16F7-4668-BE54-9A1E7A4F7556}") = "WishListApp", "WishListApp\WishListApp.csproj", "{5AF54D07-61EC-4571-A326-0DC857322CB2}"
EndProject
Project("{9A19103F-16F7-4668-BE54-9A1E7A4F7556}") = "WishListUnitTestes", "WishListUnitTestes\WishListUnitTestes.csproj", "{BF8B5159-AFE0-406E-B5B4-C2CDA2A91F28}"
EndProject
Global
	GlobalSection(SolutionConfigurationPlatforms) = preSolution
		Debug|Any CPU = Debug|Any CPU
		Release|Any CPU = Release|Any CPU
	EndGlobalSection
	GlobalSection(ProjectConfigurationPlatforms) = postSolution
		{5AF54D07-61EC-4571-A326-0DC857322CB2}.Debug|Any CPU.ActiveCfg = Debug|Any CPU
		{5AF54D07-61EC-4571-A326-0DC857322CB2}.Debug|Any CPU.Build.0 = Debug|Any CPU
		{5AF54D07-61EC-4571-A326-0DC857322CB2}.Release|Any CPU.ActiveCfg = Release|Any CPU
		{5AF54D07-61EC-4571-A326-0DC857322CB2}.Release|Any CPU.Build.0 = Release|Any CPU
		{BF8B5159-AFE0-406E-B5B4-C2CDA2A91F28}.Debug|Any CPU.ActiveCfg = Debug|Any CPU
		{BF8B5159-AFE0-406E-B5B4-C2CDA2A91F28}.Debug|Any CPU.Build.0 = Debug|Any CPU
		{BF8B5159-AFE0-406E-B5B4-C2CDA2A91F28}.Release|Any CPU.ActiveCfg = Release|Any CPU
		{BF8B5159-AFE0-406E-B5B4-C2CDA2A91F28}.Release|Any CPU.Build.0 = Release|Any CPU
	EndGlobalSection
	GlobalSection(SolutionProperties) = preSolution
		HideSolutionNode = FALSE
	EndGlobalSection
	GlobalSection(ExtensibilityGlobals) = postSolution
		SolutionGuid = {99ADDFBD-DC73-4EB9-90E6-8100897D831D}
	EndGlobalSection
EndGlobal
